
Microsoft Visual Studio Solution File, Format Version 12.00
# Visual Studio Version 17
VisualStudioVersion = 17.10.35004.147
MinimumVisualStudioVersion = 10.0.40219.1
Project("{FAE04EC0-301F-11D3-BF4B-00C04F79EFBC}") = "WebAPI", "WebAPI\WebAPI.csproj", "{90E05CED-123F-4D7C-A206-3D5B3B37CF41}"
EndProject
Project("{FAE04EC0-301F-11D3-BF4B-00C04F79EFBC}") = "Domain", "Domain\Domain.csproj", "{AAF620F9-8ADC-4CB6-8688-5E001C398927}"
EndProject
Project("{FAE04EC0-301F-11D3-BF4B-00C04F79EFBC}") = "Application", "Application\Application.csproj", "{89A13615-7A09-45A5-94AE-D4D878058197}"
EndProject
Project("{FAE04EC0-301F-11D3-BF4B-00C04F79EFBC}") = "Infrastructure", "Infrastructure\Infrastructure.csproj", "{CCFD578B-30E9-47ED-AC67-9CBE381689F1}"
EndProject
Project("{FAE04EC0-301F-11D3-BF4B-00C04F79EFBC}") = "WebUi", "WebUi\WebUi.csproj", "{F8A4DC64-747C-45D0-BE68-43EABB803FD7}"
EndProject
Global
	GlobalSection(SolutionConfigurationPlatforms) = preSolution
		Debug|Any CPU = Debug|Any CPU
		Release|Any CPU = Release|Any CPU
	EndGlobalSection
	GlobalSection(ProjectConfigurationPlatforms) = postSolution
		{90E05CED-123F-4D7C-A206-3D5B3B37CF41}.Debug|Any CPU.ActiveCfg = Debug|Any CPU
		{90E05CED-123F-4D7C-A206-3D5B3B37CF41}.Debug|Any CPU.Build.0 = Debug|Any CPU
		{90E05CED-123F-4D7C-A206-3D5B3B37CF41}.Release|Any CPU.ActiveCfg = Release|Any CPU
		{90E05CED-123F-4D7C-A206-3D5B3B37CF41}.Release|Any CPU.Build.0 = Release|Any CPU
		{AAF620F9-8ADC-4CB6-8688-5E001C398927}.Debug|Any CPU.ActiveCfg = Debug|Any CPU
		{AAF620F9-8ADC-4CB6-8688-5E001C398927}.Debug|Any CPU.Build.0 = Debug|Any CPU
		{AAF620F9-8ADC-4CB6-8688-5E001C398927}.Release|Any CPU.ActiveCfg = Release|Any CPU
		{AAF620F9-8ADC-4CB6-8688-5E001C398927}.Release|Any CPU.Build.0 = Release|Any CPU
		{89A13615-7A09-45A5-94AE-D4D878058197}.Debug|Any CPU.ActiveCfg = Debug|Any CPU
		{89A13615-7A09-45A5-94AE-D4D878058197}.Debug|Any CPU.Build.0 = Debug|Any CPU
		{89A13615-7A09-45A5-94AE-D4D878058197}.Release|Any CPU.ActiveCfg = Release|Any CPU
		{89A13615-7A09-45A5-94AE-D4D878058197}.Release|Any CPU.Build.0 = Release|Any CPU
		{CCFD578B-30E9-47ED-AC67-9CBE381689F1}.Debug|Any CPU.ActiveCfg = Debug|Any CPU
		{CCFD578B-30E9-47ED-AC67-9CBE381689F1}.Debug|Any CPU.Build.0 = Debug|Any CPU
		{CCFD578B-30E9-47ED-AC67-9CBE381689F1}.Release|Any CPU.ActiveCfg = Release|Any CPU
		{CCFD578B-30E9-47ED-AC67-9CBE381689F1}.Release|Any CPU.Build.0 = Release|Any CPU
		{F8A4DC64-747C-45D0-BE68-43EABB803FD7}.Debug|Any CPU.ActiveCfg = Debug|Any CPU
		{F8A4DC64-747C-45D0-BE68-43EABB803FD7}.Debug|Any CPU.Build.0 = Debug|Any CPU
		{F8A4DC64-747C-45D0-BE68-43EABB803FD7}.Release|Any CPU.ActiveCfg = Release|Any CPU
		{F8A4DC64-747C-45D0-BE68-43EABB803FD7}.Release|Any CPU.Build.0 = Release|Any CPU
	EndGlobalSection
	GlobalSection(SolutionProperties) = preSolution
		HideSolutionNode = FALSE
	EndGlobalSection
	GlobalSection(ExtensibilityGlobals) = postSolution
		SolutionGuid = {09639EC3-3A2D-4BF3-BD7D-49F1AAC4C815}
	EndGlobalSection
EndGlobal
